
Microsoft Visual Studio Solution File, Format Version 12.00
# Visual Studio Version 17
VisualStudioVersion = 17.1.32210.238
MinimumVisualStudioVersion = 10.0.40219.1
Project("{2150E333-8FDC-42A3-9474-1A3956D46DE8}") = "MovieTickets", "MovieTickets", "{0B3A5086-A54B-4436-B5F6-05B5517749CC}"
EndProject
Project("{9A19103F-16F7-4668-BE54-9A1E7A4F7556}") = "MovieTickets.Web", "MovieTickets\MovieTickets.Web\MovieTickets.Web.csproj", "{593F3F7A-9EB2-4486-B65F-9CBF7E3CF3B6}"
	ProjectSection(ProjectDependencies) = postProject
		{79B92336-3173-4EFE-B332-C7C72651BA06} = {79B92336-3173-4EFE-B332-C7C72651BA06}
		{FFBBFDF3-8CCD-4E00-B5F9-24D43FCE6377} = {FFBBFDF3-8CCD-4E00-B5F9-24D43FCE6377}
		{A35224FB-B16F-4E89-B04D-2D770B27BE2A} = {A35224FB-B16F-4E89-B04D-2D770B27BE2A}
	EndProjectSection
EndProject
Project("{FAE04EC0-301F-11D3-BF4B-00C04F79EFBC}") = "MovieTickets.Domain", "MovieTickets\MovieTickets.Domain\MovieTickets.Domain.csproj", "{A35224FB-B16F-4E89-B04D-2D770B27BE2A}"
EndProject
Project("{FAE04EC0-301F-11D3-BF4B-00C04F79EFBC}") = "MovieTickets.Repository", "MovieTickets\MovieTickets.Repository\MovieTickets.Repository.csproj", "{79B92336-3173-4EFE-B332-C7C72651BA06}"
EndProject
Project("{FAE04EC0-301F-11D3-BF4B-00C04F79EFBC}") = "MovieTickets.Service", "MovieTickets\MovieTickets.Service\MovieTickets.Service.csproj", "{FFBBFDF3-8CCD-4E00-B5F9-24D43FCE6377}"
	ProjectSection(ProjectDependencies) = postProject
		{79B92336-3173-4EFE-B332-C7C72651BA06} = {79B92336-3173-4EFE-B332-C7C72651BA06}
	EndProjectSection
EndProject
Global
	GlobalSection(SolutionConfigurationPlatforms) = preSolution
		Debug|Any CPU = Debug|Any CPU
		Release|Any CPU = Release|Any CPU
	EndGlobalSection
	GlobalSection(ProjectConfigurationPlatforms) = postSolution
		{593F3F7A-9EB2-4486-B65F-9CBF7E3CF3B6}.Debug|Any CPU.ActiveCfg = Debug|Any CPU
		{593F3F7A-9EB2-4486-B65F-9CBF7E3CF3B6}.Debug|Any CPU.Build.0 = Debug|Any CPU
		{593F3F7A-9EB2-4486-B65F-9CBF7E3CF3B6}.Release|Any CPU.ActiveCfg = Release|Any CPU
		{593F3F7A-9EB2-4486-B65F-9CBF7E3CF3B6}.Release|Any CPU.Build.0 = Release|Any CPU
		{A35224FB-B16F-4E89-B04D-2D770B27BE2A}.Debug|Any CPU.ActiveCfg = Debug|Any CPU
		{A35224FB-B16F-4E89-B04D-2D770B27BE2A}.Debug|Any CPU.Build.0 = Debug|Any CPU
		{A35224FB-B16F-4E89-B04D-2D770B27BE2A}.Release|Any CPU.ActiveCfg = Release|Any CPU
		{A35224FB-B16F-4E89-B04D-2D770B27BE2A}.Release|Any CPU.Build.0 = Release|Any CPU
		{79B92336-3173-4EFE-B332-C7C72651BA06}.Debug|Any CPU.ActiveCfg = Debug|Any CPU
		{79B92336-3173-4EFE-B332-C7C72651BA06}.Debug|Any CPU.Build.0 = Debug|Any CPU
		{79B92336-3173-4EFE-B332-C7C72651BA06}.Release|Any CPU.ActiveCfg = Release|Any CPU
		{79B92336-3173-4EFE-B332-C7C72651BA06}.Release|Any CPU.Build.0 = Release|Any CPU
		{FFBBFDF3-8CCD-4E00-B5F9-24D43FCE6377}.Debug|Any CPU.ActiveCfg = Debug|Any CPU
		{FFBBFDF3-8CCD-4E00-B5F9-24D43FCE6377}.Debug|Any CPU.Build.0 = Debug|Any CPU
		{FFBBFDF3-8CCD-4E00-B5F9-24D43FCE6377}.Release|Any CPU.ActiveCfg = Release|Any CPU
		{FFBBFDF3-8CCD-4E00-B5F9-24D43FCE6377}.Release|Any CPU.Build.0 = Release|Any CPU
	EndGlobalSection
	GlobalSection(SolutionProperties) = preSolution
		HideSolutionNode = FALSE
	EndGlobalSection
	GlobalSection(NestedProjects) = preSolution
		{593F3F7A-9EB2-4486-B65F-9CBF7E3CF3B6} = {0B3A5086-A54B-4436-B5F6-05B5517749CC}
		{A35224FB-B16F-4E89-B04D-2D770B27BE2A} = {0B3A5086-A54B-4436-B5F6-05B5517749CC}
		{79B92336-3173-4EFE-B332-C7C72651BA06} = {0B3A5086-A54B-4436-B5F6-05B5517749CC}
		{FFBBFDF3-8CCD-4E00-B5F9-24D43FCE6377} = {0B3A5086-A54B-4436-B5F6-05B5517749CC}
	EndGlobalSection
	GlobalSection(ExtensibilityGlobals) = postSolution
		SolutionGuid = {760786CE-F3BB-46B9-92AD-FB589A57C34E}
	EndGlobalSection
EndGlobal
